
Microsoft Visual Studio Solution File, Format Version 12.00
# Visual Studio Version 17
VisualStudioVersion = 17.3.32929.385
MinimumVisualStudioVersion = 10.0.40219.1
Project("{9A19103F-16F7-4668-BE54-9A1E7A4F7556}") = "Sorter", "Sorter\Sorter.csproj", "{23E49E34-3974-433D-B15C-773C36AFE0AA}"
EndProject
Project("{9A19103F-16F7-4668-BE54-9A1E7A4F7556}") = "Generator", "Generator\Generator.csproj", "{41030CDA-3477-4308-8345-7BB2003231DA}"
EndProject
Global
	GlobalSection(SolutionConfigurationPlatforms) = preSolution
		Debug|Any CPU = Debug|Any CPU
		Release|Any CPU = Release|Any CPU
	EndGlobalSection
	GlobalSection(ProjectConfigurationPlatforms) = postSolution
		{23E49E34-3974-433D-B15C-773C36AFE0AA}.Debug|Any CPU.ActiveCfg = Debug|Any CPU
		{23E49E34-3974-433D-B15C-773C36AFE0AA}.Debug|Any CPU.Build.0 = Debug|Any CPU
		{23E49E34-3974-433D-B15C-773C36AFE0AA}.Release|Any CPU.ActiveCfg = Release|Any CPU
		{23E49E34-3974-433D-B15C-773C36AFE0AA}.Release|Any CPU.Build.0 = Release|Any CPU
		{41030CDA-3477-4308-8345-7BB2003231DA}.Debug|Any CPU.ActiveCfg = Debug|Any CPU
		{41030CDA-3477-4308-8345-7BB2003231DA}.Debug|Any CPU.Build.0 = Debug|Any CPU
		{41030CDA-3477-4308-8345-7BB2003231DA}.Release|Any CPU.ActiveCfg = Release|Any CPU
		{41030CDA-3477-4308-8345-7BB2003231DA}.Release|Any CPU.Build.0 = Release|Any CPU
	EndGlobalSection
	GlobalSection(SolutionProperties) = preSolution
		HideSolutionNode = FALSE
	EndGlobalSection
	GlobalSection(ExtensibilityGlobals) = postSolution
		SolutionGuid = {8C2F2775-338C-4FD4-850F-4CC935FA2EE9}
	EndGlobalSection
EndGlobal
